
Microsoft Visual Studio Solution File, Format Version 12.00
# Visual Studio Version 17
VisualStudioVersion = 17.5.002.0
MinimumVisualStudioVersion = 10.0.40219.1
Project("{9A19103F-16F7-4668-BE54-9A1E7A4F7556}") = "UrlShortener", "UrlShortener\UrlShortener.csproj", "{0A670DE8-7B2E-4EF6-8FDA-8EF273070CCA}"
EndProject
Global
	GlobalSection(SolutionConfigurationPlatforms) = preSolution
		Debug|Any CPU = Debug|Any CPU
		Release|Any CPU = Release|Any CPU
	EndGlobalSection
	GlobalSection(ProjectConfigurationPlatforms) = postSolution
		{0A670DE8-7B2E-4EF6-8FDA-8EF273070CCA}.Debug|Any CPU.ActiveCfg = Debug|Any CPU
		{0A670DE8-7B2E-4EF6-8FDA-8EF273070CCA}.Debug|Any CPU.Build.0 = Debug|Any CPU
		{0A670DE8-7B2E-4EF6-8FDA-8EF273070CCA}.Release|Any CPU.ActiveCfg = Release|Any CPU
		{0A670DE8-7B2E-4EF6-8FDA-8EF273070CCA}.Release|Any CPU.Build.0 = Release|Any CPU
	EndGlobalSection
	GlobalSection(SolutionProperties) = preSolution
		HideSolutionNode = FALSE
	EndGlobalSection
	GlobalSection(ExtensibilityGlobals) = postSolution
		SolutionGuid = {AD8A3EB4-B934-48EF-9C7E-A2D6C33E6844}
	EndGlobalSection
EndGlobal
